// !$*UTF8*$!
{
	archiveVersion = 1;
	classes = {
	};
	objectVersion = 48;
	objects = {

/* Begin PBXBuildFile section */
		846B3465CF67A375DE180670 /* Pods_LunchTests.framework in Frameworks */ = {isa = PBXBuildFile; fileRef = 0C4E0DFF61A6ED7C81686DC5 /* Pods_LunchTests.framework */; };
		C20E8C141F145C0B00D97293 /* Typist.swift in Sources */ = {isa = PBXBuildFile; fileRef = C20E8C131F145C0B00D97293 /* Typist.swift */; };
		C28A23B31F140C2900AB4BBC /* style.json in Resources */ = {isa = PBXBuildFile; fileRef = C28A23B21F140C2900AB4BBC /* style.json */; };
		C2B524F11F1061F000C28A00 /* AppDelegate.swift in Sources */ = {isa = PBXBuildFile; fileRef = C2B524F01F1061F000C28A00 /* AppDelegate.swift */; };
		C2B524F31F1061F000C28A00 /* ViewController.swift in Sources */ = {isa = PBXBuildFile; fileRef = C2B524F21F1061F000C28A00 /* ViewController.swift */; };
		C2B524F61F1061F000C28A00 /* Main.storyboard in Resources */ = {isa = PBXBuildFile; fileRef = C2B524F41F1061F000C28A00 /* Main.storyboard */; };
		C2B524F81F1061F000C28A00 /* Assets.xcassets in Resources */ = {isa = PBXBuildFile; fileRef = C2B524F71F1061F000C28A00 /* Assets.xcassets */; };
		C2B524FB1F1061F000C28A00 /* LaunchScreen.storyboard in Resources */ = {isa = PBXBuildFile; fileRef = C2B524F91F1061F000C28A00 /* LaunchScreen.storyboard */; };
		C2B525061F1061F000C28A00 /* LunchTests.swift in Sources */ = {isa = PBXBuildFile; fileRef = C2B525051F1061F000C28A00 /* LunchTests.swift */; };
		C2FABA291F109CE600925FE7 /* RestaurantListViewController.swift in Sources */ = {isa = PBXBuildFile; fileRef = C2FABA281F109CE600925FE7 /* RestaurantListViewController.swift */; };
		FC07B0DBC1ECAEA349DABA35 /* Pods_Lunch.framework in Frameworks */ = {isa = PBXBuildFile; fileRef = E885FAEAF249FCB46C3807C9 /* Pods_Lunch.framework */; };
/* End PBXBuildFile section */

/* Begin PBXContainerItemProxy section */
		C2B525021F1061F000C28A00 /* PBXContainerItemProxy */ = {
			isa = PBXContainerItemProxy;
			containerPortal = C2B524E51F1061F000C28A00 /* Project object */;
			proxyType = 1;
			remoteGlobalIDString = C2B524EC1F1061F000C28A00;
			remoteInfo = Lunch;
		};
/* End PBXContainerItemProxy section */

/* Begin PBXFileReference section */
		0C4E0DFF61A6ED7C81686DC5 /* Pods_LunchTests.framework */ = {isa = PBXFileReference; explicitFileType = wrapper.framework; includeInIndex = 0; path = Pods_LunchTests.framework; sourceTree = BUILT_PRODUCTS_DIR; };
		34B7B7E11CABAE30DDAC6D60 /* Pods-LunchTests.release.xcconfig */ = {isa = PBXFileReference; includeInIndex = 1; lastKnownFileType = text.xcconfig; name = "Pods-LunchTests.release.xcconfig"; path = "Pods/Target Support Files/Pods-LunchTests/Pods-LunchTests.release.xcconfig"; sourceTree = "<group>"; };
		669D7E715A6746B4FC25FD4D /* Pods-LunchTests.debug.xcconfig */ = {isa = PBXFileReference; includeInIndex = 1; lastKnownFileType = text.xcconfig; name = "Pods-LunchTests.debug.xcconfig"; path = "Pods/Target Support Files/Pods-LunchTests/Pods-LunchTests.debug.xcconfig"; sourceTree = "<group>"; };
		96B41D14892C28478E7F5481 /* Pods-Lunch.debug.xcconfig */ = {isa = PBXFileReference; includeInIndex = 1; lastKnownFileType = text.xcconfig; name = "Pods-Lunch.debug.xcconfig"; path = "Pods/Target Support Files/Pods-Lunch/Pods-Lunch.debug.xcconfig"; sourceTree = "<group>"; };
		BA8ED840684C4DE2705F74BF /* Pods-Lunch.release.xcconfig */ = {isa = PBXFileReference; includeInIndex = 1; lastKnownFileType = text.xcconfig; name = "Pods-Lunch.release.xcconfig"; path = "Pods/Target Support Files/Pods-Lunch/Pods-Lunch.release.xcconfig"; sourceTree = "<group>"; };
		C20E8C131F145C0B00D97293 /* Typist.swift */ = {isa = PBXFileReference; fileEncoding = 4; lastKnownFileType = sourcecode.swift; path = Typist.swift; sourceTree = "<group>"; };
		C28A23B21F140C2900AB4BBC /* style.json */ = {isa = PBXFileReference; fileEncoding = 4; lastKnownFileType = text.json; name = style.json; path = ../../../../.Trash/style.json; sourceTree = "<group>"; };
		C2B524ED1F1061F000C28A00 /* Lunch.app */ = {isa = PBXFileReference; explicitFileType = wrapper.application; includeInIndex = 0; path = Lunch.app; sourceTree = BUILT_PRODUCTS_DIR; };
		C2B524F01F1061F000C28A00 /* AppDelegate.swift */ = {isa = PBXFileReference; lastKnownFileType = sourcecode.swift; path = AppDelegate.swift; sourceTree = "<group>"; };
		C2B524F21F1061F000C28A00 /* ViewController.swift */ = {isa = PBXFileReference; lastKnownFileType = sourcecode.swift; path = ViewController.swift; sourceTree = "<group>"; };
		C2B524F51F1061F000C28A00 /* Base */ = {isa = PBXFileReference; lastKnownFileType = file.storyboard; name = Base; path = Base.lproj/Main.storyboard; sourceTree = "<group>"; };
		C2B524F71F1061F000C28A00 /* Assets.xcassets */ = {isa = PBXFileReference; lastKnownFileType = folder.assetcatalog; path = Assets.xcassets; sourceTree = "<group>"; };
		C2B524FA1F1061F000C28A00 /* Base */ = {isa = PBXFileReference; lastKnownFileType = file.storyboard; name = Base; path = Base.lproj/LaunchScreen.storyboard; sourceTree = "<group>"; };
		C2B524FC1F1061F000C28A00 /* Info.plist */ = {isa = PBXFileReference; lastKnownFileType = text.plist.xml; path = Info.plist; sourceTree = "<group>"; };
		C2B525011F1061F000C28A00 /* LunchTests.xctest */ = {isa = PBXFileReference; explicitFileType = wrapper.cfbundle; includeInIndex = 0; path = LunchTests.xctest; sourceTree = BUILT_PRODUCTS_DIR; };
		C2B525051F1061F000C28A00 /* LunchTests.swift */ = {isa = PBXFileReference; lastKnownFileType = sourcecode.swift; path = LunchTests.swift; sourceTree = "<group>"; };
		C2B525071F1061F000C28A00 /* Info.plist */ = {isa = PBXFileReference; lastKnownFileType = text.plist.xml; path = Info.plist; sourceTree = "<group>"; };
		C2FABA281F109CE600925FE7 /* RestaurantListViewController.swift */ = {isa = PBXFileReference; lastKnownFileType = sourcecode.swift; path = RestaurantListViewController.swift; sourceTree = "<group>"; };
		E885FAEAF249FCB46C3807C9 /* Pods_Lunch.framework */ = {isa = PBXFileReference; explicitFileType = wrapper.framework; includeInIndex = 0; path = Pods_Lunch.framework; sourceTree = BUILT_PRODUCTS_DIR; };
/* End PBXFileReference section */

/* Begin PBXFrameworksBuildPhase section */
		C2B524EA1F1061F000C28A00 /* Frameworks */ = {
			isa = PBXFrameworksBuildPhase;
			buildActionMask = 2147483647;
			files = (
				FC07B0DBC1ECAEA349DABA35 /* Pods_Lunch.framework in Frameworks */,
			);
			runOnlyForDeploymentPostprocessing = 0;
		};
		C2B524FE1F1061F000C28A00 /* Frameworks */ = {
			isa = PBXFrameworksBuildPhase;
			buildActionMask = 2147483647;
			files = (
				846B3465CF67A375DE180670 /* Pods_LunchTests.framework in Frameworks */,
			);
			runOnlyForDeploymentPostprocessing = 0;
		};
/* End PBXFrameworksBuildPhase section */

/* Begin PBXGroup section */
		35B48F374D7E712F1932DACD /* Pods */ = {
			isa = PBXGroup;
			children = (
				96B41D14892C28478E7F5481 /* Pods-Lunch.debug.xcconfig */,
				BA8ED840684C4DE2705F74BF /* Pods-Lunch.release.xcconfig */,
				669D7E715A6746B4FC25FD4D /* Pods-LunchTests.debug.xcconfig */,
				34B7B7E11CABAE30DDAC6D60 /* Pods-LunchTests.release.xcconfig */,
			);
			name = Pods;
			sourceTree = "<group>";
		};
		A7FC39036C1B05A04DB0D791 /* Frameworks */ = {
			isa = PBXGroup;
			children = (
				E885FAEAF249FCB46C3807C9 /* Pods_Lunch.framework */,
				0C4E0DFF61A6ED7C81686DC5 /* Pods_LunchTests.framework */,
			);
			name = Frameworks;
			sourceTree = "<group>";
		};
		C2B524E41F1061F000C28A00 = {
			isa = PBXGroup;
			children = (
				C2B524EF1F1061F000C28A00 /* Lunch */,
				C2B525041F1061F000C28A00 /* LunchTests */,
				C2B524EE1F1061F000C28A00 /* Products */,
				35B48F374D7E712F1932DACD /* Pods */,
				A7FC39036C1B05A04DB0D791 /* Frameworks */,
			);
			sourceTree = "<group>";
		};
		C2B524EE1F1061F000C28A00 /* Products */ = {
			isa = PBXGroup;
			children = (
				C2B524ED1F1061F000C28A00 /* Lunch.app */,
				C2B525011F1061F000C28A00 /* LunchTests.xctest */,
			);
			name = Products;
			sourceTree = "<group>";
		};
		C2B524EF1F1061F000C28A00 /* Lunch */ = {
			isa = PBXGroup;
			children = (
				C2FABA281F109CE600925FE7 /* RestaurantListViewController.swift */,
				C2FABA251F10923500925FE7 /* MapStyles */,
				C2B524F01F1061F000C28A00 /* AppDelegate.swift */,
				C2B524F21F1061F000C28A00 /* ViewController.swift */,
				C20E8C131F145C0B00D97293 /* Typist.swift */,
				C2B524F41F1061F000C28A00 /* Main.storyboard */,
				C2B524F71F1061F000C28A00 /* Assets.xcassets */,
				C2B524F91F1061F000C28A00 /* LaunchScreen.storyboard */,
				C2B524FC1F1061F000C28A00 /* Info.plist */,
			);
			path = Lunch;
			sourceTree = "<group>";
		};
		C2B525041F1061F000C28A00 /* LunchTests */ = {
			isa = PBXGroup;
			children = (
				C2B525051F1061F000C28A00 /* LunchTests.swift */,
				C2B525071F1061F000C28A00 /* Info.plist */,
			);
			path = LunchTests;
			sourceTree = "<group>";
		};
		C2FABA251F10923500925FE7 /* MapStyles */ = {
			isa = PBXGroup;
			children = (
				C28A23B21F140C2900AB4BBC /* style.json */,
			);
			path = MapStyles;
			sourceTree = "<group>";
		};
/* End PBXGroup section */

/* Begin PBXNativeTarget section */
		C2B524EC1F1061F000C28A00 /* Lunch */ = {
			isa = PBXNativeTarget;
			buildConfigurationList = C2B5250A1F1061F000C28A00 /* Build configuration list for PBXNativeTarget "Lunch" */;
			buildPhases = (
				62E08173F721AB0B0DE19A5F /* [CP] Check Pods Manifest.lock */,
				C2B524E91F1061F000C28A00 /* Sources */,
				C2B524EA1F1061F000C28A00 /* Frameworks */,
				C2B524EB1F1061F000C28A00 /* Resources */,
				EF23C5108BE2E188FDA4CFE4 /* [CP] Embed Pods Frameworks */,
				7D400CE1BE7A42E5CECDD94F /* [CP] Copy Pods Resources */,
			);
			buildRules = (
			);
			dependencies = (
			);
			name = Lunch;
			productName = Lunch;
			productReference = C2B524ED1F1061F000C28A00 /* Lunch.app */;
			productType = "com.apple.product-type.application";
		};
		C2B525001F1061F000C28A00 /* LunchTests */ = {
			isa = PBXNativeTarget;
			buildConfigurationList = C2B5250D1F1061F000C28A00 /* Build configuration list for PBXNativeTarget "LunchTests" */;
			buildPhases = (
				D64DDCCC983FF8C14EF24EF1 /* [CP] Check Pods Manifest.lock */,
				C2B524FD1F1061F000C28A00 /* Sources */,
				C2B524FE1F1061F000C28A00 /* Frameworks */,
				C2B524FF1F1061F000C28A00 /* Resources */,
				43584D5B317DFAD5223C2861 /* [CP] Embed Pods Frameworks */,
				C57EB27EE3780BA7500C5C19 /* [CP] Copy Pods Resources */,
			);
			buildRules = (
			);
			dependencies = (
				C2B525031F1061F000C28A00 /* PBXTargetDependency */,
			);
			name = LunchTests;
			productName = LunchTests;
			productReference = C2B525011F1061F000C28A00 /* LunchTests.xctest */;
			productType = "com.apple.product-type.bundle.unit-test";
		};
/* End PBXNativeTarget section */

/* Begin PBXProject section */
		C2B524E51F1061F000C28A00 /* Project object */ = {
			isa = PBXProject;
			attributes = {
				LastSwiftUpdateCheck = 0900;
				LastUpgradeCheck = 0900;
				ORGANIZATIONNAME = "Gula, Inc.";
				TargetAttributes = {
					C2B524EC1F1061F000C28A00 = {
						CreatedOnToolsVersion = 9.0;
					};
					C2B525001F1061F000C28A00 = {
						CreatedOnToolsVersion = 9.0;
						TestTargetID = C2B524EC1F1061F000C28A00;
					};
				};
			};
			buildConfigurationList = C2B524E81F1061F000C28A00 /* Build configuration list for PBXProject "Lunch" */;
			compatibilityVersion = "Xcode 8.0";
			developmentRegion = en;
			hasScannedForEncodings = 0;
			knownRegions = (
				en,
				Base,
			);
			mainGroup = C2B524E41F1061F000C28A00;
			productRefGroup = C2B524EE1F1061F000C28A00 /* Products */;
			projectDirPath = "";
			projectRoot = "";
			targets = (
				C2B524EC1F1061F000C28A00 /* Lunch */,
				C2B525001F1061F000C28A00 /* LunchTests */,
			);
		};
/* End PBXProject section */

/* Begin PBXResourcesBuildPhase section */
		C2B524EB1F1061F000C28A00 /* Resources */ = {
			isa = PBXResourcesBuildPhase;
			buildActionMask = 2147483647;
			files = (
				C2B524FB1F1061F000C28A00 /* LaunchScreen.storyboard in Resources */,
				C2B524F81F1061F000C28A00 /* Assets.xcassets in Resources */,
				C2B524F61F1061F000C28A00 /* Main.storyboard in Resources */,
				C28A23B31F140C2900AB4BBC /* style.json in Resources */,
			);
			runOnlyForDeploymentPostprocessing = 0;
		};
		C2B524FF1F1061F000C28A00 /* Resources */ = {
			isa = PBXResourcesBuildPhase;
			buildActionMask = 2147483647;
			files = (
			);
			runOnlyForDeploymentPostprocessing = 0;
		};
/* End PBXResourcesBuildPhase section */

/* Begin PBXShellScriptBuildPhase section */
		43584D5B317DFAD5223C2861 /* [CP] Embed Pods Frameworks */ = {
			isa = PBXShellScriptBuildPhase;
			buildActionMask = 2147483647;
			files = (
			);
			inputPaths = (
			);
			name = "[CP] Embed Pods Frameworks";
			outputPaths = (
			);
			runOnlyForDeploymentPostprocessing = 0;
			shellPath = /bin/sh;
			shellScript = "\"${SRCROOT}/Pods/Target Support Files/Pods-LunchTests/Pods-LunchTests-frameworks.sh\"\n";
			showEnvVarsInLog = 0;
		};
		62E08173F721AB0B0DE19A5F /* [CP] Check Pods Manifest.lock */ = {
			isa = PBXShellScriptBuildPhase;
			buildActionMask = 2147483647;
			files = (
			);
			inputPaths = (
			);
			name = "[CP] Check Pods Manifest.lock";
			outputPaths = (
			);
			runOnlyForDeploymentPostprocessing = 0;
			shellPath = /bin/sh;
			shellScript = "diff \"${PODS_PODFILE_DIR_PATH}/Podfile.lock\" \"${PODS_ROOT}/Manifest.lock\" > /dev/null\nif [ $? != 0 ] ; then\n    # print error to STDERR\n    echo \"error: The sandbox is not in sync with the Podfile.lock. Run 'pod install' or update your CocoaPods installation.\" >&2\n    exit 1\nfi\n";
			showEnvVarsInLog = 0;
		};
		7D400CE1BE7A42E5CECDD94F /* [CP] Copy Pods Resources */ = {
			isa = PBXShellScriptBuildPhase;
			buildActionMask = 2147483647;
			files = (
			);
			inputPaths = (
			);
			name = "[CP] Copy Pods Resources";
			outputPaths = (
			);
			runOnlyForDeploymentPostprocessing = 0;
			shellPath = /bin/sh;
			shellScript = "\"${SRCROOT}/Pods/Target Support Files/Pods-Lunch/Pods-Lunch-resources.sh\"\n";
			showEnvVarsInLog = 0;
		};
		C57EB27EE3780BA7500C5C19 /* [CP] Copy Pods Resources */ = {
			isa = PBXShellScriptBuildPhase;
			buildActionMask = 2147483647;
			files = (
			);
			inputPaths = (
			);
			name = "[CP] Copy Pods Resources";
			outputPaths = (
			);
			runOnlyForDeploymentPostprocessing = 0;
			shellPath = /bin/sh;
			shellScript = "\"${SRCROOT}/Pods/Target Support Files/Pods-LunchTests/Pods-LunchTests-resources.sh\"\n";
			showEnvVarsInLog = 0;
		};
		D64DDCCC983FF8C14EF24EF1 /* [CP] Check Pods Manifest.lock */ = {
			isa = PBXShellScriptBuildPhase;
			buildActionMask = 2147483647;
			files = (
			);
			inputPaths = (
			);
			name = "[CP] Check Pods Manifest.lock";
			outputPaths = (
			);
			runOnlyForDeploymentPostprocessing = 0;
			shellPath = /bin/sh;
			shellScript = "diff \"${PODS_PODFILE_DIR_PATH}/Podfile.lock\" \"${PODS_ROOT}/Manifest.lock\" > /dev/null\nif [ $? != 0 ] ; then\n    # print error to STDERR\n    echo \"error: The sandbox is not in sync with the Podfile.lock. Run 'pod install' or update your CocoaPods installation.\" >&2\n    exit 1\nfi\n";
			showEnvVarsInLog = 0;
		};
		EF23C5108BE2E188FDA4CFE4 /* [CP] Embed Pods Frameworks */ = {
			isa = PBXShellScriptBuildPhase;
			buildActionMask = 2147483647;
			files = (
			);
			inputPaths = (
			);
			name = "[CP] Embed Pods Frameworks";
			outputPaths = (
			);
			runOnlyForDeploymentPostprocessing = 0;
			shellPath = /bin/sh;
			shellScript = "\"${SRCROOT}/Pods/Target Support Files/Pods-Lunch/Pods-Lunch-frameworks.sh\"\n";
			showEnvVarsInLog = 0;
		};
/* End PBXShellScriptBuildPhase section */

/* Begin PBXSourcesBuildPhase section */
		C2B524E91F1061F000C28A00 /* Sources */ = {
			isa = PBXSourcesBuildPhase;
			buildActionMask = 2147483647;
			files = (
				C20E8C141F145C0B00D97293 /* Typist.swift in Sources */,
				C2B524F31F1061F000C28A00 /* ViewController.swift in Sources */,
				C2FABA291F109CE600925FE7 /* RestaurantListViewController.swift in Sources */,
				C2B524F11F1061F000C28A00 /* AppDelegate.swift in Sources */,
			);
			runOnlyForDeploymentPostprocessing = 0;
		};
		C2B524FD1F1061F000C28A00 /* Sources */ = {
			isa = PBXSourcesBuildPhase;
			buildActionMask = 2147483647;
			files = (
				C2B525061F1061F000C28A00 /* LunchTests.swift in Sources */,
			);
			runOnlyForDeploymentPostprocessing = 0;
		};
/* End PBXSourcesBuildPhase section */

/* Begin PBXTargetDependency section */
		C2B525031F1061F000C28A00 /* PBXTargetDependency */ = {
			isa = PBXTargetDependency;
			target = C2B524EC1F1061F000C28A00 /* Lunch */;
			targetProxy = C2B525021F1061F000C28A00 /* PBXContainerItemProxy */;
		};
/* End PBXTargetDependency section */

/* Begin PBXVariantGroup section */
		C2B524F41F1061F000C28A00 /* Main.storyboard */ = {
			isa = PBXVariantGroup;
			children = (
				C2B524F51F1061F000C28A00 /* Base */,
			);
			name = Main.storyboard;
			sourceTree = "<group>";
		};
		C2B524F91F1061F000C28A00 /* LaunchScreen.storyboard */ = {
			isa = PBXVariantGroup;
			children = (
				C2B524FA1F1061F000C28A00 /* Base */,
			);
			name = LaunchScreen.storyboard;
			sourceTree = "<group>";
		};
/* End PBXVariantGroup section */

/* Begin XCBuildConfiguration section */
		C2B525081F1061F000C28A00 /* Debug */ = {
			isa = XCBuildConfiguration;
			buildSettings = {
				ALWAYS_SEARCH_USER_PATHS = NO;
				CLANG_ANALYZER_NONNULL = YES;
				CLANG_ANALYZER_NUMBER_OBJECT_CONVERSION = YES_AGGRESSIVE;
				CLANG_CXX_LANGUAGE_STANDARD = "gnu++14";
				CLANG_CXX_LIBRARY = "libc++";
				CLANG_ENABLE_MODULES = YES;
				CLANG_ENABLE_OBJC_ARC = YES;
				CLANG_WARN_BLOCK_CAPTURE_AUTORELEASING = YES;
				CLANG_WARN_BOOL_CONVERSION = YES;
				CLANG_WARN_COMMA = YES;
				CLANG_WARN_CONSTANT_CONVERSION = YES;
				CLANG_WARN_DIRECT_OBJC_ISA_USAGE = YES_ERROR;
				CLANG_WARN_DOCUMENTATION_COMMENTS = YES;
				CLANG_WARN_EMPTY_BODY = YES;
				CLANG_WARN_ENUM_CONVERSION = YES;
				CLANG_WARN_INFINITE_RECURSION = YES;
				CLANG_WARN_INT_CONVERSION = YES;
				CLANG_WARN_OBJC_ROOT_CLASS = YES_ERROR;
				CLANG_WARN_RANGE_LOOP_ANALYSIS = YES;
				CLANG_WARN_STRICT_PROTOTYPES = YES;
				CLANG_WARN_SUSPICIOUS_MOVE = YES;
				CLANG_WARN_UNGUARDED_AVAILABILITY = YES_AGGRESSIVE;
				CLANG_WARN_UNREACHABLE_CODE = YES;
				CLANG_WARN__DUPLICATE_METHOD_MATCH = YES;
				CODE_SIGN_IDENTITY = "iPhone Developer";
				COPY_PHASE_STRIP = NO;
				DEBUG_INFORMATION_FORMAT = dwarf;
				ENABLE_STRICT_OBJC_MSGSEND = YES;
				ENABLE_TESTABILITY = YES;
				GCC_C_LANGUAGE_STANDARD = gnu11;
				GCC_DYNAMIC_NO_PIC = NO;
				GCC_NO_COMMON_BLOCKS = YES;
				GCC_OPTIMIZATION_LEVEL = 0;
				GCC_PREPROCESSOR_DEFINITIONS = (
					"DEBUG=1",
					"$(inherited)",
				);
				GCC_WARN_64_TO_32_BIT_CONVERSION = YES;
				GCC_WARN_ABOUT_RETURN_TYPE = YES_ERROR;
				GCC_WARN_UNDECLARED_SELECTOR = YES;
				GCC_WARN_UNINITIALIZED_AUTOS = YES_AGGRESSIVE;
				GCC_WARN_UNUSED_FUNCTION = YES;
				GCC_WARN_UNUSED_VARIABLE = YES;
				IPHONEOS_DEPLOYMENT_TARGET = 11.0;
				MTL_ENABLE_DEBUG_INFO = YES;
				ONLY_ACTIVE_ARCH = YES;
				SDKROOT = iphoneos;
				SWIFT_ACTIVE_COMPILATION_CONDITIONS = DEBUG;
				SWIFT_OPTIMIZATION_LEVEL = "-Onone";
			};
			name = Debug;
		};
		C2B525091F1061F000C28A00 /* Release */ = {
			isa = XCBuildConfiguration;
			buildSettings = {
				ALWAYS_SEARCH_USER_PATHS = NO;
				CLANG_ANALYZER_NONNULL = YES;
				CLANG_ANALYZER_NUMBER_OBJECT_CONVERSION = YES_AGGRESSIVE;
				CLANG_CXX_LANGUAGE_STANDARD = "gnu++14";
				CLANG_CXX_LIBRARY = "libc++";
				CLANG_ENABLE_MODULES = YES;
				CLANG_ENABLE_OBJC_ARC = YES;
				CLANG_WARN_BLOCK_CAPTURE_AUTORELEASING = YES;
				CLANG_WARN_BOOL_CONVERSION = YES;
				CLANG_WARN_COMMA = YES;
				CLANG_WARN_CONSTANT_CONVERSION = YES;
				CLANG_WARN_DIRECT_OBJC_ISA_USAGE = YES_ERROR;
				CLANG_WARN_DOCUMENTATION_COMMENTS = YES;
				CLANG_WARN_EMPTY_BODY = YES;
				CLANG_WARN_ENUM_CONVERSION = YES;
				CLANG_WARN_INFINITE_RECURSION = YES;
				CLANG_WARN_INT_CONVERSION = YES;
				CLANG_WARN_OBJC_ROOT_CLASS = YES_ERROR;
				CLANG_WARN_RANGE_LOOP_ANALYSIS = YES;
				CLANG_WARN_STRICT_PROTOTYPES = YES;
				CLANG_WARN_SUSPICIOUS_MOVE = YES;
				CLANG_WARN_UNGUARDED_AVAILABILITY = YES_AGGRESSIVE;
				CLANG_WARN_UNREACHABLE_CODE = YES;
				CLANG_WARN__DUPLICATE_METHOD_MATCH = YES;
				CODE_SIGN_IDENTITY = "iPhone Developer";
				COPY_PHASE_STRIP = NO;
				DEBUG_INFORMATION_FORMAT = "dwarf-with-dsym";
				ENABLE_NS_ASSERTIONS = NO;
				ENABLE_STRICT_OBJC_MSGSEND = YES;
				GCC_C_LANGUAGE_STANDARD = gnu11;
				GCC_NO_COMMON_BLOCKS = YES;
				GCC_WARN_64_TO_32_BIT_CONVERSION = YES;
				GCC_WARN_ABOUT_RETURN_TYPE = YES_ERROR;
				GCC_WARN_UNDECLARED_SELECTOR = YES;
				GCC_WARN_UNINITIALIZED_AUTOS = YES_AGGRESSIVE;
				GCC_WARN_UNUSED_FUNCTION = YES;
				GCC_WARN_UNUSED_VARIABLE = YES;
				IPHONEOS_DEPLOYMENT_TARGET = 11.0;
				MTL_ENABLE_DEBUG_INFO = NO;
				SDKROOT = iphoneos;
				SWIFT_OPTIMIZATION_LEVEL = "-Owholemodule";
				VALIDATE_PRODUCT = YES;
			};
			name = Release;
		};
		C2B5250B1F1061F000C28A00 /* Debug */ = {
			isa = XCBuildConfiguration;
			baseConfigurationReference = 96B41D14892C28478E7F5481 /* Pods-Lunch.debug.xcconfig */;
			buildSettings = {
				ASSETCATALOG_COMPILER_APPICON_NAME = AppIcon;
				DEVELOPMENT_TEAM = 42SJVK5ETL;
				INFOPLIST_FILE = Lunch/Info.plist;
				IPHONEOS_DEPLOYMENT_TARGET = 10.0;
				LD_RUNPATH_SEARCH_PATHS = "$(inherited) @executable_path/Frameworks";
				PRODUCT_BUNDLE_IDENTIFIER = io.gula.Lunch;
				PRODUCT_NAME = "$(TARGET_NAME)";
				SWIFT_VERSION = 3.0;
				TARGETED_DEVICE_FAMILY = "1,2";
			};
			name = Debug;
		};
		C2B5250C1F1061F000C28A00 /* Release */ = {
			isa = XCBuildConfiguration;
			baseConfigurationReference = BA8ED840684C4DE2705F74BF /* Pods-Lunch.release.xcconfig */;
			buildSettings = {
				ASSETCATALOG_COMPILER_APPICON_NAME = AppIcon;
				DEVELOPMENT_TEAM = 42SJVK5ETL;
				INFOPLIST_FILE = Lunch/Info.plist;
				IPHONEOS_DEPLOYMENT_TARGET = 10.0;
				LD_RUNPATH_SEARCH_PATHS = "$(inherited) @executable_path/Frameworks";
				PRODUCT_BUNDLE_IDENTIFIER = io.gula.Lunch;
				PRODUCT_NAME = "$(TARGET_NAME)";
				SWIFT_VERSION = 3.0;
				TARGETED_DEVICE_FAMILY = "1,2";
			};
			name = Release;
		};
		C2B5250E1F1061F000C28A00 /* Debug */ = {
			isa = XCBuildConfiguration;
			baseConfigurationReference = 669D7E715A6746B4FC25FD4D /* Pods-LunchTests.debug.xcconfig */;
			buildSettings = {
				ALWAYS_EMBED_SWIFT_STANDARD_LIBRARIES = YES;
				BUNDLE_LOADER = "$(TEST_HOST)";
				DEVELOPMENT_TEAM = 62QZG759UY;
				INFOPLIST_FILE = LunchTests/Info.plist;
				IPHONEOS_DEPLOYMENT_TARGET = 10.0;
				LD_RUNPATH_SEARCH_PATHS = "$(inherited) @executable_path/Frameworks @loader_path/Frameworks";
				PRODUCT_BUNDLE_IDENTIFIER = io.gula.LunchTests;
				PRODUCT_NAME = "$(TARGET_NAME)";
				SWIFT_VERSION = 3.0;
				TARGETED_DEVICE_FAMILY = "1,2";
				TEST_HOST = "$(BUILT_PRODUCTS_DIR)/Lunch.app/Lunch";
			};
			name = Debug;
		};
		C2B5250F1F1061F000C28A00 /* Release */ = {
			isa = XCBuildConfiguration;
			baseConfigurationReference = 34B7B7E11CABAE30DDAC6D60 /* Pods-LunchTests.release.xcconfig */;
			buildSettings = {
				ALWAYS_EMBED_SWIFT_STANDARD_LIBRARIES = YES;
				BUNDLE_LOADER = "$(TEST_HOST)";
				DEVELOPMENT_TEAM = 62QZG759UY;
				INFOPLIST_FILE = LunchTests/Info.plist;
				IPHONEOS_DEPLOYMENT_TARGET = 10.0;
				LD_RUNPATH_SEARCH_PATHS = "$(inherited) @executable_path/Frameworks @loader_path/Frameworks";
				PRODUCT_BUNDLE_IDENTIFIER = io.gula.LunchTests;
				PRODUCT_NAME = "$(TARGET_NAME)";
				SWIFT_VERSION = 3.0;
				TARGETED_DEVICE_FAMILY = "1,2";
				TEST_HOST = "$(BUILT_PRODUCTS_DIR)/Lunch.app/Lunch";
			};
			name = Release;
		};
/* End XCBuildConfiguration section */

/* Begin XCConfigurationList section */
		C2B524E81F1061F000C28A00 /* Build configuration list for PBXProject "Lunch" */ = {
			isa = XCConfigurationList;
			buildConfigurations = (
				C2B525081F1061F000C28A00 /* Debug */,
				C2B525091F1061F000C28A00 /* Release */,
			);
			defaultConfigurationIsVisible = 0;
			defaultConfigurationName = Release;
		};
		C2B5250A1F1061F000C28A00 /* Build configuration list for PBXNativeTarget "Lunch" */ = {
			isa = XCConfigurationList;
			buildConfigurations = (
				C2B5250B1F1061F000C28A00 /* Debug */,
				C2B5250C1F1061F000C28A00 /* Release */,
			);
			defaultConfigurationIsVisible = 0;
			defaultConfigurationName = Release;
		};
		C2B5250D1F1061F000C28A00 /* Build configuration list for PBXNativeTarget "LunchTests" */ = {
			isa = XCConfigurationList;
			buildConfigurations = (
				C2B5250E1F1061F000C28A00 /* Debug */,
				C2B5250F1F1061F000C28A00 /* Release */,
			);
			defaultConfigurationIsVisible = 0;
			defaultConfigurationName = Release;
		};
/* End XCConfigurationList section */
	};
	rootObject = C2B524E51F1061F000C28A00 /* Project object */;
}
